
Microsoft Visual Studio Solution File, Format Version 12.00
# Visual Studio Version 16
VisualStudioVersion = 16.0.28803.352
MinimumVisualStudioVersion = 10.0.40219.1
Project("{8BC9CEB8-8B4A-11D0-8D11-00A0C91BC942}") = "gpu-spectral-channel-DNS", "gpu-spectral-channel-DNS.vcxproj", "{C43D031B-8C15-4875-B8A4-BC94215E43FC}"
EndProject
Global
	GlobalSection(SolutionConfigurationPlatforms) = preSolution
		Debug|x64 = Debug|x64
		Release|x64 = Release|x64
	EndGlobalSection
	GlobalSection(ProjectConfigurationPlatforms) = postSolution
		{C43D031B-8C15-4875-B8A4-BC94215E43FC}.Debug|x64.ActiveCfg = Debug|x64
		{C43D031B-8C15-4875-B8A4-BC94215E43FC}.Debug|x64.Build.0 = Debug|x64
		{C43D031B-8C15-4875-B8A4-BC94215E43FC}.Release|x64.ActiveCfg = Release|x64
		{C43D031B-8C15-4875-B8A4-BC94215E43FC}.Release|x64.Build.0 = Release|x64
	EndGlobalSection
	GlobalSection(SolutionProperties) = preSolution
		HideSolutionNode = FALSE
	EndGlobalSection
	GlobalSection(ExtensibilityGlobals) = postSolution
		SolutionGuid = {29F3B008-0B50-4060-A8A3-01AC8FC64CD4}
	EndGlobalSection
EndGlobal
