<?xml version="1.0" encoding="utf-8"?>
<Project ToolsVersion="4.0" xmlns="http://schemas.microsoft.com/developer/msbuild/2003">
  <ItemGroup>
    <Filter Include="Sources">
      <UniqueIdentifier>{0e18908e-d8cf-49b0-a0e5-fa1b1b9cc7e4}</UniqueIdentifier>
      <Extensions>cpp;cu</Extensions>
    </Filter>
    <Filter Include="Headers">
      <UniqueIdentifier>{472d0514-68bc-4b06-bd7e-201ae649583a}</UniqueIdentifier>
      <Extensions>h;cuh</Extensions>
    </Filter>
    <Filter Include="Tests">
      <UniqueIdentifier>{3f7c84ed-bcfe-4d22-a1b3-16b55b226ff6}</UniqueIdentifier>
    </Filter>
  </ItemGroup>
  <ItemGroup>
    <ClInclude Include="Tests\test_coef.h">
      <Filter>Tests</Filter>
    </ClInclude>
    <ClInclude Include="Tests\test_getUVW.h">
      <Filter>Tests</Filter>
    </ClInclude>
    <ClInclude Include="Tests\test_inverse.h">
      <Filter>Tests</Filter>
    </ClInclude>
    <ClInclude Include="Tests\test_nonlinear.h">
      <Filter>Tests</Filter>
    </ClInclude>
    <ClInclude Include="Tests\test_para_reading.h">
      <Filter>Tests</Filter>
    </ClInclude>
    <ClInclude Include="Tests\test_rhs.h">
      <Filter>Tests</Filter>
    </ClInclude>
    <ClInclude Include="Tests\test_transform.h">
      <Filter>Tests</Filter>
    </ClInclude>
    <ClInclude Include="Tests\test_transpose.h">
      <Filter>Tests</Filter>
    </ClInclude>
    <ClInclude Include="include\coefficient.cuh">
      <Filter>Headers</Filter>
    </ClInclude>
    <ClInclude Include="include\cuRPCF.h">
      <Filter>Headers</Filter>
    </ClInclude>
    <ClInclude Include="include\data.h">
      <Filter>Headers</Filter>
    </ClInclude>
    <ClInclude Include="include\linear.h">
      <Filter>Headers</Filter>
    </ClInclude>
    <ClInclude Include="include\main_test.h">
      <Filter>Headers</Filter>
    </ClInclude>
    <ClInclude Include="include\matrix_op.h">
      <Filter>Headers</Filter>
    </ClInclude>
    <ClInclude Include="include\nonlinear.cuh">
      <Filter>Headers</Filter>
    </ClInclude>
    <ClInclude Include="include\operation.h">
      <Filter>Headers</Filter>
    </ClInclude>
    <ClInclude Include="include\output.h">
      <Filter>Headers</Filter>
    </ClInclude>
    <ClInclude Include="include\parameters.h">
      <Filter>Headers</Filter>
    </ClInclude>
    <ClInclude Include="include\rhs.cuh">
      <Filter>Headers</Filter>
    </ClInclude>
    <ClInclude Include="include\RPCFKernels.cuh">
      <Filter>Headers</Filter>
    </ClInclude>
    <ClInclude Include="include\solver.h">
      <Filter>Headers</Filter>
    </ClInclude>
    <ClInclude Include="include\statistics.h">
      <Filter>Headers</Filter>
    </ClInclude>
    <ClInclude Include="include\transform.cuh">
      <Filter>Headers</Filter>
    </ClInclude>
    <ClInclude Include="include\transform_multi_gpu.h">
      <Filter>Headers</Filter>
    </ClInclude>
    <ClInclude Include="include\transpose.cuh">
      <Filter>Headers</Filter>
    </ClInclude>
    <ClInclude Include="include\velocity.h">
      <Filter>Headers</Filter>
    </ClInclude>
  </ItemGroup>
  <ItemGroup>
    <ClCompile Include="Tests\test_coef.cpp">
      <Filter>Tests</Filter>
    </ClCompile>
    <ClCompile Include="Tests\test_getUVW.cpp">
      <Filter>Tests</Filter>
    </ClCompile>
    <ClCompile Include="Tests\test_inverse.cpp">
      <Filter>Tests</Filter>
    </ClCompile>
    <ClCompile Include="Tests\test_main.cpp">
      <Filter>Tests</Filter>
    </ClCompile>
    <ClCompile Include="Tests\test_nonlinear.cpp">
      <Filter>Tests</Filter>
    </ClCompile>
    <ClCompile Include="Tests\test_para_reading.cpp">
      <Filter>Tests</Filter>
    </ClCompile>
    <ClCompile Include="Tests\test_rhs.cpp">
      <Filter>Tests</Filter>
    </ClCompile>
    <ClCompile Include="Tests\test_transform.cpp">
      <Filter>Tests</Filter>
    </ClCompile>
    <ClCompile Include="Tests\test_transpose.cpp">
      <Filter>Tests</Filter>
    </ClCompile>
    <ClCompile Include="source\data.cpp">
      <Filter>Sources</Filter>
    </ClCompile>
    <ClCompile Include="source\linear.cpp">
      <Filter>Sources</Filter>
    </ClCompile>
    <ClCompile Include="source\main.cpp">
      <Filter>Sources</Filter>
    </ClCompile>
    <ClCompile Include="source\main_loop.cpp">
      <Filter>Sources</Filter>
    </ClCompile>
    <ClCompile Include="source\matrix_op.cpp">
      <Filter>Sources</Filter>
    </ClCompile>
    <ClCompile Include="source\operation.cpp">
      <Filter>Sources</Filter>
    </ClCompile>
    <ClCompile Include="source\output.cpp">
      <Filter>Sources</Filter>
    </ClCompile>
    <ClCompile Include="source\recover.cpp">
      <Filter>Sources</Filter>
    </ClCompile>
    <ClCompile Include="source\solver.cpp">
      <Filter>Sources</Filter>
    </ClCompile>
    <ClCompile Include="source\statistics.cpp">
      <Filter>Sources</Filter>
    </ClCompile>
    <ClCompile Include="source\transform_multi_gpu.cpp">
      <Filter>Sources</Filter>
    </ClCompile>
  </ItemGroup>
  <ItemGroup>
    <CudaCompile Include="source\coefficient.cu">
      <Filter>Sources</Filter>
    </CudaCompile>
    <CudaCompile Include="source\nonlinear.cu">
      <Filter>Sources</Filter>
    </CudaCompile>
    <CudaCompile Include="source\RPCFKernels.cu">
      <Filter>Sources</Filter>
    </CudaCompile>
    <CudaCompile Include="source\transform.cu">
      <Filter>Sources</Filter>
    </CudaCompile>
    <CudaCompile Include="source\transpose.cu">
      <Filter>Sources</Filter>
    </CudaCompile>
    <CudaCompile Include="source\velocity.cu">
      <Filter>Sources</Filter>
    </CudaCompile>
    <CudaCompile Include="source\rhs.cpp">
      <Filter>Sources</Filter>
    </CudaCompile>
  </ItemGroup>
  <ItemGroup>
    <None Include=".gitignore" />
  </ItemGroup>
</Project>